
Microsoft Visual Studio Solution File, Format Version 11.00
# Visual Studio 2010
Project("{FAE04EC0-301F-11D3-BF4B-00C04F79EFBC}") = "LojaVirtual.DAO", "LojaVirtual.DAO\LojaVirtual.DAO.csproj", "{AB445D63-B293-429C-A4B2-87B98ADDDF23}"
EndProject
Project("{FAE04EC0-301F-11D3-BF4B-00C04F79EFBC}") = "LojaVirtual.BLL", "LojaVirtual.BLL\LojaVirtual.BLL.csproj", "{94171225-8EEF-4EC1-A29F-88A37E7DBAE6}"
EndProject
Project("{FAE04EC0-301F-11D3-BF4B-00C04F79EFBC}") = "LojaVirtual.WEB", "LojaVirtual.WEB\LojaVirtual.WEB.csproj", "{328BACA9-4E0F-472B-A9E8-F751B1C21422}"
EndProject
Project("{FAE04EC0-301F-11D3-BF4B-00C04F79EFBC}") = "LojaVirtual.ADMIN", "LojaVirtual.ADMIN\LojaVirtual.ADMIN.csproj", "{76E39B6E-E037-4EFC-8BB6-048AB77A8B60}"
EndProject
Project("{2150E333-8FDC-42A3-9474-1A3956D46DE8}") = "Solution Items", "Solution Items", "{3EC885F4-61D7-4CAB-B426-DFF62D95C110}"
EndProject
Global
	GlobalSection(SolutionConfigurationPlatforms) = preSolution
		Debug|Any CPU = Debug|Any CPU
		Debug|Mixed Platforms = Debug|Mixed Platforms
		Debug|x86 = Debug|x86
		Release|Any CPU = Release|Any CPU
		Release|Mixed Platforms = Release|Mixed Platforms
		Release|x86 = Release|x86
	EndGlobalSection
	GlobalSection(ProjectConfigurationPlatforms) = postSolution
		{AB445D63-B293-429C-A4B2-87B98ADDDF23}.Debug|Any CPU.ActiveCfg = Debug|Any CPU
		{AB445D63-B293-429C-A4B2-87B98ADDDF23}.Debug|Any CPU.Build.0 = Debug|Any CPU
		{AB445D63-B293-429C-A4B2-87B98ADDDF23}.Debug|Mixed Platforms.ActiveCfg = Debug|Any CPU
		{AB445D63-B293-429C-A4B2-87B98ADDDF23}.Debug|Mixed Platforms.Build.0 = Debug|Any CPU
		{AB445D63-B293-429C-A4B2-87B98ADDDF23}.Debug|x86.ActiveCfg = Debug|Any CPU
		{AB445D63-B293-429C-A4B2-87B98ADDDF23}.Release|Any CPU.ActiveCfg = Release|Any CPU
		{AB445D63-B293-429C-A4B2-87B98ADDDF23}.Release|Any CPU.Build.0 = Release|Any CPU
		{AB445D63-B293-429C-A4B2-87B98ADDDF23}.Release|Mixed Platforms.ActiveCfg = Release|Any CPU
		{AB445D63-B293-429C-A4B2-87B98ADDDF23}.Release|Mixed Platforms.Build.0 = Release|Any CPU
		{AB445D63-B293-429C-A4B2-87B98ADDDF23}.Release|x86.ActiveCfg = Release|Any CPU
		{94171225-8EEF-4EC1-A29F-88A37E7DBAE6}.Debug|Any CPU.ActiveCfg = Debug|Any CPU
		{94171225-8EEF-4EC1-A29F-88A37E7DBAE6}.Debug|Any CPU.Build.0 = Debug|Any CPU
		{94171225-8EEF-4EC1-A29F-88A37E7DBAE6}.Debug|Mixed Platforms.ActiveCfg = Debug|Any CPU
		{94171225-8EEF-4EC1-A29F-88A37E7DBAE6}.Debug|Mixed Platforms.Build.0 = Debug|Any CPU
		{94171225-8EEF-4EC1-A29F-88A37E7DBAE6}.Debug|x86.ActiveCfg = Debug|Any CPU
		{94171225-8EEF-4EC1-A29F-88A37E7DBAE6}.Release|Any CPU.ActiveCfg = Release|Any CPU
		{94171225-8EEF-4EC1-A29F-88A37E7DBAE6}.Release|Any CPU.Build.0 = Release|Any CPU
		{94171225-8EEF-4EC1-A29F-88A37E7DBAE6}.Release|Mixed Platforms.ActiveCfg = Release|Any CPU
		{94171225-8EEF-4EC1-A29F-88A37E7DBAE6}.Release|Mixed Platforms.Build.0 = Release|Any CPU
		{94171225-8EEF-4EC1-A29F-88A37E7DBAE6}.Release|x86.ActiveCfg = Release|Any CPU
		{328BACA9-4E0F-472B-A9E8-F751B1C21422}.Debug|Any CPU.ActiveCfg = Debug|Any CPU
		{328BACA9-4E0F-472B-A9E8-F751B1C21422}.Debug|Any CPU.Build.0 = Debug|Any CPU
		{328BACA9-4E0F-472B-A9E8-F751B1C21422}.Debug|Mixed Platforms.ActiveCfg = Debug|Any CPU
		{328BACA9-4E0F-472B-A9E8-F751B1C21422}.Debug|Mixed Platforms.Build.0 = Debug|Any CPU
		{328BACA9-4E0F-472B-A9E8-F751B1C21422}.Debug|x86.ActiveCfg = Debug|Any CPU
		{328BACA9-4E0F-472B-A9E8-F751B1C21422}.Release|Any CPU.ActiveCfg = Release|Any CPU
		{328BACA9-4E0F-472B-A9E8-F751B1C21422}.Release|Any CPU.Build.0 = Release|Any CPU
		{328BACA9-4E0F-472B-A9E8-F751B1C21422}.Release|Mixed Platforms.ActiveCfg = Release|Any CPU
		{328BACA9-4E0F-472B-A9E8-F751B1C21422}.Release|Mixed Platforms.Build.0 = Release|Any CPU
		{328BACA9-4E0F-472B-A9E8-F751B1C21422}.Release|x86.ActiveCfg = Release|Any CPU
		{76E39B6E-E037-4EFC-8BB6-048AB77A8B60}.Debug|Any CPU.ActiveCfg = Debug|Any CPU
		{76E39B6E-E037-4EFC-8BB6-048AB77A8B60}.Debug|Any CPU.Build.0 = Debug|Any CPU
		{76E39B6E-E037-4EFC-8BB6-048AB77A8B60}.Debug|Mixed Platforms.ActiveCfg = Debug|Any CPU
		{76E39B6E-E037-4EFC-8BB6-048AB77A8B60}.Debug|Mixed Platforms.Build.0 = Debug|Any CPU
		{76E39B6E-E037-4EFC-8BB6-048AB77A8B60}.Debug|x86.ActiveCfg = Debug|Any CPU
		{76E39B6E-E037-4EFC-8BB6-048AB77A8B60}.Release|Any CPU.ActiveCfg = Release|Any CPU
		{76E39B6E-E037-4EFC-8BB6-048AB77A8B60}.Release|Any CPU.Build.0 = Release|Any CPU
		{76E39B6E-E037-4EFC-8BB6-048AB77A8B60}.Release|Mixed Platforms.ActiveCfg = Release|Any CPU
		{76E39B6E-E037-4EFC-8BB6-048AB77A8B60}.Release|Mixed Platforms.Build.0 = Release|Any CPU
		{76E39B6E-E037-4EFC-8BB6-048AB77A8B60}.Release|x86.ActiveCfg = Release|Any CPU
	EndGlobalSection
	GlobalSection(SolutionProperties) = preSolution
		HideSolutionNode = FALSE
	EndGlobalSection
EndGlobal
